# This file is @generated by `just proof-release`. It should not be written to
# manually. Append-only measurement history for proofs/vX.Y.Z releases.
#
# To cut a new release (Linux x86_64 + Docker):
#
#     just proof-release --version X.Y.Z   # --stable to advance latest_stable
#
# This rebuilds the SP1 vkeys and enclave EIF PCRs from source, appends the
# entry below, and advances latest_rc. Merging to main tags proofs/vX.Y.Z and
# runs release-proof.yml, which rebuilds the measurements from the tag and
# fails unless they match. tee_image_id = keccak256(pcr0).

latest_stable = ""
latest_rc = "1.0.0-rc.1"

[releases."1.0.0-rc.1"]
aggregation_vkey = "0x0042f631d3c97e500164f9a739196ffe3d8b478aac1e976ffec2980c88e1143c"
range_vkey_commitment = "0x47436363223a0b000f27d1062acf07ca769733725adea5292e02aede0c4d0431"
aggregation_elf_sha256 = "6226e0dca04c3da08f210f5369a4eae867757f47d073cdb2604611321beef6ff"
range_elf_sha256 = "ebf8cee5404353f09aed03d456d0d378d965e72b29ef9562af9a083fa1253506"
pcr0 = "f833754796fced3b800795f83789257821e8290f106e68d4b59c426ad20f61404299cfdb16c0e6ef11211310fc183118"
pcr1 = "0343b056cd8485ca7890ddd833476d78460aed2aa161548e4e26bedf321726696257d623e8805f3f605946b3d8b0c6aa"
pcr2 = "37a0f2e1c14de543df0eabb0e59fa05c6d7e151736a03b2a458d621028bd9d45a2ac64907636fcf3fa02c7c34921f89d"
tee_image_id = "0x87ad69ab2749ef5c561fdb06a7ffa61e630c045b09d684ba1b0a6268640beb1a"
